// !$*UTF8*$!
{
	archiveVersion = 1;
	classes = {
	};
	objectVersion = 48;
	objects = {

/* Begin PBXBuildFile section */
		37A3B87720185F0300F30365 /* AppDelegate.swift in Sources */ = {isa = PBXBuildFile; fileRef = 37A3B87620185F0300F30365 /* AppDelegate.swift */; };
		37A3B87920185F0300F30365 /* ViewController.swift in Sources */ = {isa = PBXBuildFile; fileRef = 37A3B87820185F0300F30365 /* ViewController.swift */; };
		37A3B87C20185F0300F30365 /* Main.storyboard in Resources */ = {isa = PBXBuildFile; fileRef = 37A3B87A20185F0300F30365 /* Main.storyboard */; };
		37A3B87E20185F0300F30365 /* Assets.xcassets in Resources */ = {isa = PBXBuildFile; fileRef = 37A3B87D20185F0300F30365 /* Assets.xcassets */; };
		37A3B88120185F0300F30365 /* LaunchScreen.storyboard in Resources */ = {isa = PBXBuildFile; fileRef = 37A3B87F20185F0300F30365 /* LaunchScreen.storyboard */; };
		37A3B88C20185F0300F30365 /* ValidateTests.swift in Sources */ = {isa = PBXBuildFile; fileRef = 37A3B88B20185F0300F30365 /* ValidateTests.swift */; };
		37A3B89720185F0300F30365 /* ValidateUITests.swift in Sources */ = {isa = PBXBuildFile; fileRef = 37A3B89620185F0300F30365 /* ValidateUITests.swift */; };
/* End PBXBuildFile section */

/* Begin PBXContainerItemProxy section */
		37A3B88820185F0300F30365 /* PBXContainerItemProxy */ = {
			isa = PBXContainerItemProxy;
			containerPortal = 37A3B86B20185F0200F30365 /* Project object */;
			proxyType = 1;
			remoteGlobalIDString = 37A3B87220185F0300F30365;
			remoteInfo = Validate;
		};
		37A3B89320185F0300F30365 /* PBXContainerItemProxy */ = {
			isa = PBXContainerItemProxy;
			containerPortal = 37A3B86B20185F0200F30365 /* Project object */;
			proxyType = 1;
			remoteGlobalIDString = 37A3B87220185F0300F30365;
			remoteInfo = Validate;
		};
/* End PBXContainerItemProxy section */

/* Begin PBXFileReference section */
		37A3B87320185F0300F30365 /* Validate.app */ = {isa = PBXFileReference; explicitFileType = wrapper.application; includeInIndex = 0; path = Validate.app; sourceTree = BUILT_PRODUCTS_DIR; };
		37A3B87620185F0300F30365 /* AppDelegate.swift */ = {isa = PBXFileReference; lastKnownFileType = sourcecode.swift; path = AppDelegate.swift; sourceTree = "<group>"; };
		37A3B87820185F0300F30365 /* ViewController.swift */ = {isa = PBXFileReference; lastKnownFileType = sourcecode.swift; path = ViewController.swift; sourceTree = "<group>"; };
		37A3B87B20185F0300F30365 /* Base */ = {isa = PBXFileReference; lastKnownFileType = file.storyboard; name = Base; path = Base.lproj/Main.storyboard; sourceTree = "<group>"; };
		37A3B87D20185F0300F30365 /* Assets.xcassets */ = {isa = PBXFileReference; lastKnownFileType = folder.assetcatalog; path = Assets.xcassets; sourceTree = "<group>"; };
		37A3B88020185F0300F30365 /* Base */ = {isa = PBXFileReference; lastKnownFileType = file.storyboard; name = Base; path = Base.lproj/LaunchScreen.storyboard; sourceTree = "<group>"; };
		37A3B88220185F0300F30365 /* Info.plist */ = {isa = PBXFileReference; lastKnownFileType = text.plist.xml; path = Info.plist; sourceTree = "<group>"; };
		37A3B88720185F0300F30365 /* ValidateTests.xctest */ = {isa = PBXFileReference; explicitFileType = wrapper.cfbundle; includeInIndex = 0; path = ValidateTests.xctest; sourceTree = BUILT_PRODUCTS_DIR; };
		37A3B88B20185F0300F30365 /* ValidateTests.swift */ = {isa = PBXFileReference; lastKnownFileType = sourcecode.swift; path = ValidateTests.swift; sourceTree = "<group>"; };
		37A3B88D20185F0300F30365 /* Info.plist */ = {isa = PBXFileReference; lastKnownFileType = text.plist.xml; path = Info.plist; sourceTree = "<group>"; };
		37A3B89220185F0300F30365 /* ValidateUITests.xctest */ = {isa = PBXFileReference; explicitFileType = wrapper.cfbundle; includeInIndex = 0; path = ValidateUITests.xctest; sourceTree = BUILT_PRODUCTS_DIR; };
		37A3B89620185F0300F30365 /* ValidateUITests.swift */ = {isa = PBXFileReference; lastKnownFileType = sourcecode.swift; path = ValidateUITests.swift; sourceTree = "<group>"; };
		37A3B89820185F0300F30365 /* Info.plist */ = {isa = PBXFileReference; lastKnownFileType = text.plist.xml; path = Info.plist; sourceTree = "<group>"; };
/* End PBXFileReference section */

/* Begin PBXFrameworksBuildPhase section */
		37A3B87020185F0300F30365 /* Frameworks */ = {
			isa = PBXFrameworksBuildPhase;
			buildActionMask = 2147483647;
			files = (
			);
			runOnlyForDeploymentPostprocessing = 0;
		};
		37A3B88420185F0300F30365 /* Frameworks */ = {
			isa = PBXFrameworksBuildPhase;
			buildActionMask = 2147483647;
			files = (
			);
			runOnlyForDeploymentPostprocessing = 0;
		};
		37A3B88F20185F0300F30365 /* Frameworks */ = {
			isa = PBXFrameworksBuildPhase;
			buildActionMask = 2147483647;
			files = (
			);
			runOnlyForDeploymentPostprocessing = 0;
		};
/* End PBXFrameworksBuildPhase section */

/* Begin PBXGroup section */
		37A3B86A20185F0200F30365 = {
			isa = PBXGroup;
			children = (
				37A3B87520185F0300F30365 /* Validate */,
				37A3B88A20185F0300F30365 /* ValidateTests */,
				37A3B89520185F0300F30365 /* ValidateUITests */,
				37A3B87420185F0300F30365 /* Products */,
			);
			sourceTree = "<group>";
		};
		37A3B87420185F0300F30365 /* Products */ = {
			isa = PBXGroup;
			children = (
				37A3B87320185F0300F30365 /* Validate.app */,
				37A3B88720185F0300F30365 /* ValidateTests.xctest */,
				37A3B89220185F0300F30365 /* ValidateUITests.xctest */,
			);
			name = Products;
			sourceTree = "<group>";
		};
		37A3B87520185F0300F30365 /* Validate */ = {
			isa = PBXGroup;
			children = (
				37A3B87620185F0300F30365 /* AppDelegate.swift */,
				37A3B87820185F0300F30365 /* ViewController.swift */,
				37A3B87A20185F0300F30365 /* Main.storyboard */,
				37A3B87D20185F0300F30365 /* Assets.xcassets */,
				37A3B87F20185F0300F30365 /* LaunchScreen.storyboard */,
				37A3B88220185F0300F30365 /* Info.plist */,
			);
			path = Validate;
			sourceTree = "<group>";
		};
		37A3B88A20185F0300F30365 /* ValidateTests */ = {
			isa = PBXGroup;
			children = (
				37A3B88B20185F0300F30365 /* ValidateTests.swift */,
				37A3B88D20185F0300F30365 /* Info.plist */,
			);
			path = ValidateTests;
			sourceTree = "<group>";
		};
		37A3B89520185F0300F30365 /* ValidateUITests */ = {
			isa = PBXGroup;
			children = (
				37A3B89620185F0300F30365 /* ValidateUITests.swift */,
				37A3B89820185F0300F30365 /* Info.plist */,
			);
			path = ValidateUITests;
			sourceTree = "<group>";
		};
/* End PBXGroup section */

/* Begin PBXNativeTarget section */
		37A3B87220185F0300F30365 /* Validate */ = {
			isa = PBXNativeTarget;
			buildConfigurationList = 37A3B89B20185F0300F30365 /* Build configuration list for PBXNativeTarget "Validate" */;
			buildPhases = (
				37A3B86F20185F0300F30365 /* Sources */,
				37A3B87020185F0300F30365 /* Frameworks */,
				37A3B87120185F0300F30365 /* Resources */,
			);
			buildRules = (
			);
			dependencies = (
			);
			name = Validate;
			productName = Validate;
			productReference = 37A3B87320185F0300F30365 /* Validate.app */;
			productType = "com.apple.product-type.application";
		};
		37A3B88620185F0300F30365 /* ValidateTests */ = {
			isa = PBXNativeTarget;
			buildConfigurationList = 37A3B89E20185F0300F30365 /* Build configuration list for PBXNativeTarget "ValidateTests" */;
			buildPhases = (
				37A3B88320185F0300F30365 /* Sources */,
				37A3B88420185F0300F30365 /* Frameworks */,
				37A3B88520185F0300F30365 /* Resources */,
			);
			buildRules = (
			);
			dependencies = (
				37A3B88920185F0300F30365 /* PBXTargetDependency */,
			);
			name = ValidateTests;
			productName = ValidateTests;
			productReference = 37A3B88720185F0300F30365 /* ValidateTests.xctest */;
			productType = "com.apple.product-type.bundle.unit-test";
		};
		37A3B89120185F0300F30365 /* ValidateUITests */ = {
			isa = PBXNativeTarget;
			buildConfigurationList = 37A3B8A120185F0300F30365 /* Build configuration list for PBXNativeTarget "ValidateUITests" */;
			buildPhases = (
				37A3B88E20185F0300F30365 /* Sources */,
				37A3B88F20185F0300F30365 /* Frameworks */,
				37A3B89020185F0300F30365 /* Resources */,
			);
			buildRules = (
			);
			dependencies = (
				37A3B89420185F0300F30365 /* PBXTargetDependency */,
			);
			name = ValidateUITests;
			productName = ValidateUITests;
			productReference = 37A3B89220185F0300F30365 /* ValidateUITests.xctest */;
			productType = "com.apple.product-type.bundle.ui-testing";
		};
/* End PBXNativeTarget section */

/* Begin PBXProject section */
		37A3B86B20185F0200F30365 /* Project object */ = {
			isa = PBXProject;
			attributes = {
				LastSwiftUpdateCheck = 0920;
				LastUpgradeCheck = 0920;
				ORGANIZATIONNAME = "Daniel Shevenell";
				TargetAttributes = {
					37A3B87220185F0300F30365 = {
						CreatedOnToolsVersion = 9.2;
						ProvisioningStyle = Automatic;
					};
					37A3B88620185F0300F30365 = {
						CreatedOnToolsVersion = 9.2;
						ProvisioningStyle = Automatic;
						TestTargetID = 37A3B87220185F0300F30365;
					};
					37A3B89120185F0300F30365 = {
						CreatedOnToolsVersion = 9.2;
						ProvisioningStyle = Automatic;
						TestTargetID = 37A3B87220185F0300F30365;
					};
				};
			};
			buildConfigurationList = 37A3B86E20185F0200F30365 /* Build configuration list for PBXProject "Validate" */;
			compatibilityVersion = "Xcode 8.0";
			developmentRegion = en;
			hasScannedForEncodings = 0;
			knownRegions = (
				en,
				Base,
			);
			mainGroup = 37A3B86A20185F0200F30365;
			productRefGroup = 37A3B87420185F0300F30365 /* Products */;
			projectDirPath = "";
			projectRoot = "";
			targets = (
				37A3B87220185F0300F30365 /* Validate */,
				37A3B88620185F0300F30365 /* ValidateTests */,
				37A3B89120185F0300F30365 /* ValidateUITests */,
			);
		};
/* End PBXProject section */

/* Begin PBXResourcesBuildPhase section */
		37A3B87120185F0300F30365 /* Resources */ = {
			isa = PBXResourcesBuildPhase;
			buildActionMask = 2147483647;
			files = (
				37A3B88120185F0300F30365 /* LaunchScreen.storyboard in Resources */,
				37A3B87E20185F0300F30365 /* Assets.xcassets in Resources */,
				37A3B87C20185F0300F30365 /* Main.storyboard in Resources */,
			);
			runOnlyForDeploymentPostprocessing = 0;
		};
		37A3B88520185F0300F30365 /* Resources */ = {
			isa = PBXResourcesBuildPhase;
			buildActionMask = 2147483647;
			files = (
			);
			runOnlyForDeploymentPostprocessing = 0;
		};
		37A3B89020185F0300F30365 /* Resources */ = {
			isa = PBXResourcesBuildPhase;
			buildActionMask = 2147483647;
			files = (
			);
			runOnlyForDeploymentPostprocessing = 0;
		};
/* End PBXResourcesBuildPhase section */

/* Begin PBXSourcesBuildPhase section */
		37A3B86F20185F0300F30365 /* Sources */ = {
			isa = PBXSourcesBuildPhase;
			buildActionMask = 2147483647;
			files = (
				37A3B87920185F0300F30365 /* ViewController.swift in Sources */,
				37A3B87720185F0300F30365 /* AppDelegate.swift in Sources */,
			);
			runOnlyForDeploymentPostprocessing = 0;
		};
		37A3B88320185F0300F30365 /* Sources */ = {
			isa = PBXSourcesBuildPhase;
			buildActionMask = 2147483647;
			files = (
				37A3B88C20185F0300F30365 /* ValidateTests.swift in Sources */,
			);
			runOnlyForDeploymentPostprocessing = 0;
		};
		37A3B88E20185F0300F30365 /* Sources */ = {
			isa = PBXSourcesBuildPhase;
			buildActionMask = 2147483647;
			files = (
				37A3B89720185F0300F30365 /* ValidateUITests.swift in Sources */,
			);
			runOnlyForDeploymentPostprocessing = 0;
		};
/* End PBXSourcesBuildPhase section */

/* Begin PBXTargetDependency section */
		37A3B88920185F0300F30365 /* PBXTargetDependency */ = {
			isa = PBXTargetDependency;
			target = 37A3B87220185F0300F30365 /* Validate */;
			targetProxy = 37A3B88820185F0300F30365 /* PBXContainerItemProxy */;
		};
		37A3B89420185F0300F30365 /* PBXTargetDependency */ = {
			isa = PBXTargetDependency;
			target = 37A3B87220185F0300F30365 /* Validate */;
			targetProxy = 37A3B89320185F0300F30365 /* PBXContainerItemProxy */;
		};
/* End PBXTargetDependency section */

/* Begin PBXVariantGroup section */
		37A3B87A20185F0300F30365 /* Main.storyboard */ = {
			isa = PBXVariantGroup;
			children = (
				37A3B87B20185F0300F30365 /* Base */,
			);
			name = Main.storyboard;
			sourceTree = "<group>";
		};
		37A3B87F20185F0300F30365 /* LaunchScreen.storyboard */ = {
			isa = PBXVariantGroup;
			children = (
				37A3B88020185F0300F30365 /* Base */,
			);
			name = LaunchScreen.storyboard;
			sourceTree = "<group>";
		};
/* End PBXVariantGroup section */

/* Begin XCBuildConfiguration section */
		37A3B89920185F0300F30365 /* Debug */ = {
			isa = XCBuildConfiguration;
			buildSettings = {
				ALWAYS_SEARCH_USER_PATHS = NO;
				CLANG_ANALYZER_NONNULL = YES;
				CLANG_ANALYZER_NUMBER_OBJECT_CONVERSION = YES_AGGRESSIVE;
				CLANG_CXX_LANGUAGE_STANDARD = "gnu++14";
				CLANG_CXX_LIBRARY = "libc++";
				CLANG_ENABLE_MODULES = YES;
				CLANG_ENABLE_OBJC_ARC = YES;
				CLANG_WARN_BLOCK_CAPTURE_AUTORELEASING = YES;
				CLANG_WARN_BOOL_CONVERSION = YES;
				CLANG_WARN_COMMA = YES;
				CLANG_WARN_CONSTANT_CONVERSION = YES;
				CLANG_WARN_DIRECT_OBJC_ISA_USAGE = YES_ERROR;
				CLANG_WARN_DOCUMENTATION_COMMENTS = YES;
				CLANG_WARN_EMPTY_BODY = YES;
				CLANG_WARN_ENUM_CONVERSION = YES;
				CLANG_WARN_INFINITE_RECURSION = YES;
				CLANG_WARN_INT_CONVERSION = YES;
				CLANG_WARN_NON_LITERAL_NULL_CONVERSION = YES;
				CLANG_WARN_OBJC_LITERAL_CONVERSION = YES;
				CLANG_WARN_OBJC_ROOT_CLASS = YES_ERROR;
				CLANG_WARN_RANGE_LOOP_ANALYSIS = YES;
				CLANG_WARN_STRICT_PROTOTYPES = YES;
				CLANG_WARN_SUSPICIOUS_MOVE = YES;
				CLANG_WARN_UNGUARDED_AVAILABILITY = YES_AGGRESSIVE;
				CLANG_WARN_UNREACHABLE_CODE = YES;
				CLANG_WARN__DUPLICATE_METHOD_MATCH = YES;
				CODE_SIGN_IDENTITY = "iPhone Developer";
				COPY_PHASE_STRIP = NO;
				DEBUG_INFORMATION_FORMAT = dwarf;
				ENABLE_STRICT_OBJC_MSGSEND = YES;
				ENABLE_TESTABILITY = YES;
				GCC_C_LANGUAGE_STANDARD = gnu11;
				GCC_DYNAMIC_NO_PIC = NO;
				GCC_NO_COMMON_BLOCKS = YES;
				GCC_OPTIMIZATION_LEVEL = 0;
				GCC_PREPROCESSOR_DEFINITIONS = (
					"DEBUG=1",
					"$(inherited)",
				);
				GCC_WARN_64_TO_32_BIT_CONVERSION = YES;
				GCC_WARN_ABOUT_RETURN_TYPE = YES_ERROR;
				GCC_WARN_UNDECLARED_SELECTOR = YES;
				GCC_WARN_UNINITIALIZED_AUTOS = YES_AGGRESSIVE;
				GCC_WARN_UNUSED_FUNCTION = YES;
				GCC_WARN_UNUSED_VARIABLE = YES;
				IPHONEOS_DEPLOYMENT_TARGET = 11.2;
				MTL_ENABLE_DEBUG_INFO = YES;
				ONLY_ACTIVE_ARCH = YES;
				SDKROOT = iphoneos;
				SWIFT_ACTIVE_COMPILATION_CONDITIONS = DEBUG;
				SWIFT_OPTIMIZATION_LEVEL = "-Onone";
			};
			name = Debug;
		};
		37A3B89A20185F0300F30365 /* Release */ = {
			isa = XCBuildConfiguration;
			buildSettings = {
				ALWAYS_SEARCH_USER_PATHS = NO;
				CLANG_ANALYZER_NONNULL = YES;
				CLANG_ANALYZER_NUMBER_OBJECT_CONVERSION = YES_AGGRESSIVE;
				CLANG_CXX_LANGUAGE_STANDARD = "gnu++14";
				CLANG_CXX_LIBRARY = "libc++";
				CLANG_ENABLE_MODULES = YES;
				CLANG_ENABLE_OBJC_ARC = YES;
				CLANG_WARN_BLOCK_CAPTURE_AUTORELEASING = YES;
				CLANG_WARN_BOOL_CONVERSION = YES;
				CLANG_WARN_COMMA = YES;
				CLANG_WARN_CONSTANT_CONVERSION = YES;
				CLANG_WARN_DIRECT_OBJC_ISA_USAGE = YES_ERROR;
				CLANG_WARN_DOCUMENTATION_COMMENTS = YES;
				CLANG_WARN_EMPTY_BODY = YES;
				CLANG_WARN_ENUM_CONVERSION = YES;
				CLANG_WARN_INFINITE_RECURSION = YES;
				CLANG_WARN_INT_CONVERSION = YES;
				CLANG_WARN_NON_LITERAL_NULL_CONVERSION = YES;
				CLANG_WARN_OBJC_LITERAL_CONVERSION = YES;
				CLANG_WARN_OBJC_ROOT_CLASS = YES_ERROR;
				CLANG_WARN_RANGE_LOOP_ANALYSIS = YES;
				CLANG_WARN_STRICT_PROTOTYPES = YES;
				CLANG_WARN_SUSPICIOUS_MOVE = YES;
				CLANG_WARN_UNGUARDED_AVAILABILITY = YES_AGGRESSIVE;
				CLANG_WARN_UNREACHABLE_CODE = YES;
				CLANG_WARN__DUPLICATE_METHOD_MATCH = YES;
				CODE_SIGN_IDENTITY = "iPhone Developer";
				COPY_PHASE_STRIP = NO;
				DEBUG_INFORMATION_FORMAT = "dwarf-with-dsym";
				ENABLE_NS_ASSERTIONS = NO;
				ENABLE_STRICT_OBJC_MSGSEND = YES;
				GCC_C_LANGUAGE_STANDARD = gnu11;
				GCC_NO_COMMON_BLOCKS = YES;
				GCC_WARN_64_TO_32_BIT_CONVERSION = YES;
				GCC_WARN_ABOUT_RETURN_TYPE = YES_ERROR;
				GCC_WARN_UNDECLARED_SELECTOR = YES;
				GCC_WARN_UNINITIALIZED_AUTOS = YES_AGGRESSIVE;
				GCC_WARN_UNUSED_FUNCTION = YES;
				GCC_WARN_UNUSED_VARIABLE = YES;
				IPHONEOS_DEPLOYMENT_TARGET = 11.2;
				MTL_ENABLE_DEBUG_INFO = NO;
				SDKROOT = iphoneos;
				SWIFT_OPTIMIZATION_LEVEL = "-Owholemodule";
				VALIDATE_PRODUCT = YES;
			};
			name = Release;
		};
		37A3B89C20185F0300F30365 /* Debug */ = {
			isa = XCBuildConfiguration;
			buildSettings = {
				ASSETCATALOG_COMPILER_APPICON_NAME = AppIcon;
				CODE_SIGN_STYLE = Automatic;
				DEVELOPMENT_TEAM = 9XL6CRU426;
				INFOPLIST_FILE = Validate/Info.plist;
				LD_RUNPATH_SEARCH_PATHS = "$(inherited) @executable_path/Frameworks";
				PRODUCT_BUNDLE_IDENTIFIER = "com.level-of-knowledge.Validate";
				PRODUCT_NAME = "$(TARGET_NAME)";
				SWIFT_VERSION = 4.0;
				TARGETED_DEVICE_FAMILY = "1,2";
			};
			name = Debug;
		};
		37A3B89D20185F0300F30365 /* Release */ = {
			isa = XCBuildConfiguration;
			buildSettings = {
				ASSETCATALOG_COMPILER_APPICON_NAME = AppIcon;
				CODE_SIGN_STYLE = Automatic;
				DEVELOPMENT_TEAM = 9XL6CRU426;
				INFOPLIST_FILE = Validate/Info.plist;
				LD_RUNPATH_SEARCH_PATHS = "$(inherited) @executable_path/Frameworks";
				PRODUCT_BUNDLE_IDENTIFIER = "com.level-of-knowledge.Validate";
				PRODUCT_NAME = "$(TARGET_NAME)";
				SWIFT_VERSION = 4.0;
				TARGETED_DEVICE_FAMILY = "1,2";
			};
			name = Release;
		};
		37A3B89F20185F0300F30365 /* Debug */ = {
			isa = XCBuildConfiguration;
			buildSettings = {
				ALWAYS_EMBED_SWIFT_STANDARD_LIBRARIES = YES;
				BUNDLE_LOADER = "$(TEST_HOST)";
				CODE_SIGN_STYLE = Automatic;
				DEVELOPMENT_TEAM = 9XL6CRU426;
				INFOPLIST_FILE = ValidateTests/Info.plist;
				LD_RUNPATH_SEARCH_PATHS = "$(inherited) @executable_path/Frameworks @loader_path/Frameworks";
				PRODUCT_BUNDLE_IDENTIFIER = "com.level-of-knowledge.ValidateTests";
				PRODUCT_NAME = "$(TARGET_NAME)";
				SWIFT_VERSION = 4.0;
				TARGETED_DEVICE_FAMILY = "1,2";
				TEST_HOST = "$(BUILT_PRODUCTS_DIR)/Validate.app/Validate";
			};
			name = Debug;
		};
		37A3B8A020185F0300F30365 /* Release */ = {
			isa = XCBuildConfiguration;
			buildSettings = {
				ALWAYS_EMBED_SWIFT_STANDARD_LIBRARIES = YES;
				BUNDLE_LOADER = "$(TEST_HOST)";
				CODE_SIGN_STYLE = Automatic;
				DEVELOPMENT_TEAM = 9XL6CRU426;
				INFOPLIST_FILE = ValidateTests/Info.plist;
				LD_RUNPATH_SEARCH_PATHS = "$(inherited) @executable_path/Frameworks @loader_path/Frameworks";
				PRODUCT_BUNDLE_IDENTIFIER = "com.level-of-knowledge.ValidateTests";
				PRODUCT_NAME = "$(TARGET_NAME)";
				SWIFT_VERSION = 4.0;
				TARGETED_DEVICE_FAMILY = "1,2";
				TEST_HOST = "$(BUILT_PRODUCTS_DIR)/Validate.app/Validate";
			};
			name = Release;
		};
		37A3B8A220185F0300F30365 /* Debug */ = {
			isa = XCBuildConfiguration;
			buildSettings = {
				ALWAYS_EMBED_SWIFT_STANDARD_LIBRARIES = YES;
				CODE_SIGN_STYLE = Automatic;
				DEVELOPMENT_TEAM = 9XL6CRU426;
				INFOPLIST_FILE = ValidateUITests/Info.plist;
				LD_RUNPATH_SEARCH_PATHS = "$(inherited) @executable_path/Frameworks @loader_path/Frameworks";
				PRODUCT_BUNDLE_IDENTIFIER = "com.level-of-knowledge.ValidateUITests";
				PRODUCT_NAME = "$(TARGET_NAME)";
				SWIFT_VERSION = 4.0;
				TARGETED_DEVICE_FAMILY = "1,2";
				TEST_TARGET_NAME = Validate;
			};
			name = Debug;
		};
		37A3B8A320185F0300F30365 /* Release */ = {
			isa = XCBuildConfiguration;
			buildSettings = {
				ALWAYS_EMBED_SWIFT_STANDARD_LIBRARIES = YES;
				CODE_SIGN_STYLE = Automatic;
				DEVELOPMENT_TEAM = 9XL6CRU426;
				INFOPLIST_FILE = ValidateUITests/Info.plist;
				LD_RUNPATH_SEARCH_PATHS = "$(inherited) @executable_path/Frameworks @loader_path/Frameworks";
				PRODUCT_BUNDLE_IDENTIFIER = "com.level-of-knowledge.ValidateUITests";
				PRODUCT_NAME = "$(TARGET_NAME)";
				SWIFT_VERSION = 4.0;
				TARGETED_DEVICE_FAMILY = "1,2";
				TEST_TARGET_NAME = Validate;
			};
			name = Release;
		};
/* End XCBuildConfiguration section */

/* Begin XCConfigurationList section */
		37A3B86E20185F0200F30365 /* Build configuration list for PBXProject "Validate" */ = {
			isa = XCConfigurationList;
			buildConfigurations = (
				37A3B89920185F0300F30365 /* Debug */,
				37A3B89A20185F0300F30365 /* Release */,
			);
			defaultConfigurationIsVisible = 0;
			defaultConfigurationName = Release;
		};
		37A3B89B20185F0300F30365 /* Build configuration list for PBXNativeTarget "Validate" */ = {
			isa = XCConfigurationList;
			buildConfigurations = (
				37A3B89C20185F0300F30365 /* Debug */,
				37A3B89D20185F0300F30365 /* Release */,
			);
			defaultConfigurationIsVisible = 0;
			defaultConfigurationName = Release;
		};
		37A3B89E20185F0300F30365 /* Build configuration list for PBXNativeTarget "ValidateTests" */ = {
			isa = XCConfigurationList;
			buildConfigurations = (
				37A3B89F20185F0300F30365 /* Debug */,
				37A3B8A020185F0300F30365 /* Release */,
			);
			defaultConfigurationIsVisible = 0;
			defaultConfigurationName = Release;
		};
		37A3B8A120185F0300F30365 /* Build configuration list for PBXNativeTarget "ValidateUITests" */ = {
			isa = XCConfigurationList;
			buildConfigurations = (
				37A3B8A220185F0300F30365 /* Debug */,
				37A3B8A320185F0300F30365 /* Release */,
			);
			defaultConfigurationIsVisible = 0;
			defaultConfigurationName = Release;
		};
/* End XCConfigurationList section */
	};
	rootObject = 37A3B86B20185F0200F30365 /* Project object */;
}
